// !$*UTF8*$!
{
	archiveVersion = 1;
	classes = {
	};
	objectVersion = 51;
	objects = {

/* Begin PBXBuildFile section */
		29DB752539C8DEE11F3E8CA2 /* Pods_ListinnTests.framework in Frameworks */ = {isa = PBXBuildFile; fileRef = 0834B70D90AD3EA132AAF23F /* Pods_ListinnTests.framework */; };
		3083622A797F5A83F59393AB /* Pods_Listinn_ListinnUITests.framework in Frameworks */ = {isa = PBXBuildFile; fileRef = 5DF202814C4334390057EA6B /* Pods_Listinn_ListinnUITests.framework */; };
		444AC18F250531A1009C3A90 /* SanFranciscoDisplay-Bold.otf in Resources */ = {isa = PBXBuildFile; fileRef = 444AC18A250531A1009C3A90 /* SanFranciscoDisplay-Bold.otf */; };
		444AC190250531A1009C3A90 /* SanFranciscoDisplay-Light.otf in Resources */ = {isa = PBXBuildFile; fileRef = 444AC18B250531A1009C3A90 /* SanFranciscoDisplay-Light.otf */; };
		444AC191250531A1009C3A90 /* SanFranciscoDisplay-Regular.otf in Resources */ = {isa = PBXBuildFile; fileRef = 444AC18C250531A1009C3A90 /* SanFranciscoDisplay-Regular.otf */; };
		444AC192250531A1009C3A90 /* SanFranciscoDisplay-Medium.otf in Resources */ = {isa = PBXBuildFile; fileRef = 444AC18D250531A1009C3A90 /* SanFranciscoDisplay-Medium.otf */; };
		444AC193250531A1009C3A90 /* SanFranciscoDisplay-Semibold.otf in Resources */ = {isa = PBXBuildFile; fileRef = 444AC18E250531A1009C3A90 /* SanFranciscoDisplay-Semibold.otf */; };
		447C1B8D2517698E00A2E1D1 /* Item.swift in Sources */ = {isa = PBXBuildFile; fileRef = 447C1B8C2517698E00A2E1D1 /* Item.swift */; };
		447C1B8F2517699900A2E1D1 /* Category.swift in Sources */ = {isa = PBXBuildFile; fileRef = 447C1B8E2517699900A2E1D1 /* Category.swift */; };
		447C1B932517B23700A2E1D1 /* Main.storyboard in Resources */ = {isa = PBXBuildFile; fileRef = 447C1B922517B23700A2E1D1 /* Main.storyboard */; };
		447D12302516498A0006CBAF /* CategoryViewController.swift in Sources */ = {isa = PBXBuildFile; fileRef = 447D122F2516498A0006CBAF /* CategoryViewController.swift */; };
		44E826AE250448B1001F5848 /* AppDelegate.swift in Sources */ = {isa = PBXBuildFile; fileRef = 44E826AD250448B1001F5848 /* AppDelegate.swift */; };
		44E826B0250448B1001F5848 /* SceneDelegate.swift in Sources */ = {isa = PBXBuildFile; fileRef = 44E826AF250448B1001F5848 /* SceneDelegate.swift */; };
		44E826B2250448B1001F5848 /* ToDoListViewController.swift in Sources */ = {isa = PBXBuildFile; fileRef = 44E826B1250448B1001F5848 /* ToDoListViewController.swift */; };
		44E826B7250448B6001F5848 /* Assets.xcassets in Resources */ = {isa = PBXBuildFile; fileRef = 44E826B6250448B6001F5848 /* Assets.xcassets */; };
		44E826BA250448B6001F5848 /* LaunchScreen.storyboard in Resources */ = {isa = PBXBuildFile; fileRef = 44E826B8250448B6001F5848 /* LaunchScreen.storyboard */; };
		44E826C5250448B6001F5848 /* ListinnTests.swift in Sources */ = {isa = PBXBuildFile; fileRef = 44E826C4250448B6001F5848 /* ListinnTests.swift */; };
		44E826D0250448B6001F5848 /* ListinnUITests.swift in Sources */ = {isa = PBXBuildFile; fileRef = 44E826CF250448B6001F5848 /* ListinnUITests.swift */; };
		E7C2A69BB0A66C8658EBB5DC /* Pods_Listinn.framework in Frameworks */ = {isa = PBXBuildFile; fileRef = AC09ED80432A150F9C42ABC8 /* Pods_Listinn.framework */; };
/* End PBXBuildFile section */

/* Begin PBXContainerItemProxy section */
		44E826C1250448B6001F5848 /* PBXContainerItemProxy */ = {
			isa = PBXContainerItemProxy;
			containerPortal = 44E826A2250448B0001F5848 /* Project object */;
			proxyType = 1;
			remoteGlobalIDString = 44E826A9250448B0001F5848;
			remoteInfo = Listinn;
		};
		44E826CC250448B6001F5848 /* PBXContainerItemProxy */ = {
			isa = PBXContainerItemProxy;
			containerPortal = 44E826A2250448B0001F5848 /* Project object */;
			proxyType = 1;
			remoteGlobalIDString = 44E826A9250448B0001F5848;
			remoteInfo = Listinn;
		};
/* End PBXContainerItemProxy section */

/* Begin PBXFileReference section */
		0834B70D90AD3EA132AAF23F /* Pods_ListinnTests.framework */ = {isa = PBXFileReference; explicitFileType = wrapper.framework; includeInIndex = 0; path = Pods_ListinnTests.framework; sourceTree = BUILT_PRODUCTS_DIR; };
		09A8769CF0708399C3EEDA52 /* Pods-Listinn-ListinnUITests.debug.xcconfig */ = {isa = PBXFileReference; includeInIndex = 1; lastKnownFileType = text.xcconfig; name = "Pods-Listinn-ListinnUITests.debug.xcconfig"; path = "Target Support Files/Pods-Listinn-ListinnUITests/Pods-Listinn-ListinnUITests.debug.xcconfig"; sourceTree = "<group>"; };
		110A44145DB30C544CA7DD3E /* Pods-Listinn.debug.xcconfig */ = {isa = PBXFileReference; includeInIndex = 1; lastKnownFileType = text.xcconfig; name = "Pods-Listinn.debug.xcconfig"; path = "Target Support Files/Pods-Listinn/Pods-Listinn.debug.xcconfig"; sourceTree = "<group>"; };
		2D609CEA2C1D2059B9BBB45F /* Pods-ListinnTests.release.xcconfig */ = {isa = PBXFileReference; includeInIndex = 1; lastKnownFileType = text.xcconfig; name = "Pods-ListinnTests.release.xcconfig"; path = "Target Support Files/Pods-ListinnTests/Pods-ListinnTests.release.xcconfig"; sourceTree = "<group>"; };
		444AC18A250531A1009C3A90 /* SanFranciscoDisplay-Bold.otf */ = {isa = PBXFileReference; lastKnownFileType = file; path = "SanFranciscoDisplay-Bold.otf"; sourceTree = "<group>"; };
		444AC18B250531A1009C3A90 /* SanFranciscoDisplay-Light.otf */ = {isa = PBXFileReference; lastKnownFileType = file; path = "SanFranciscoDisplay-Light.otf"; sourceTree = "<group>"; };
		444AC18C250531A1009C3A90 /* SanFranciscoDisplay-Regular.otf */ = {isa = PBXFileReference; lastKnownFileType = file; path = "SanFranciscoDisplay-Regular.otf"; sourceTree = "<group>"; };
		444AC18D250531A1009C3A90 /* SanFranciscoDisplay-Medium.otf */ = {isa = PBXFileReference; lastKnownFileType = file; path = "SanFranciscoDisplay-Medium.otf"; sourceTree = "<group>"; };
		444AC18E250531A1009C3A90 /* SanFranciscoDisplay-Semibold.otf */ = {isa = PBXFileReference; lastKnownFileType = file; path = "SanFranciscoDisplay-Semibold.otf"; sourceTree = "<group>"; };
		447C1B8C2517698E00A2E1D1 /* Item.swift */ = {isa = PBXFileReference; lastKnownFileType = sourcecode.swift; path = Item.swift; sourceTree = "<group>"; };
		447C1B8E2517699900A2E1D1 /* Category.swift */ = {isa = PBXFileReference; lastKnownFileType = sourcecode.swift; path = Category.swift; sourceTree = "<group>"; };
		447C1B922517B23700A2E1D1 /* Main.storyboard */ = {isa = PBXFileReference; fileEncoding = 4; lastKnownFileType = file.storyboard; path = Main.storyboard; sourceTree = "<group>"; };
		447D122F2516498A0006CBAF /* CategoryViewController.swift */ = {isa = PBXFileReference; lastKnownFileType = sourcecode.swift; path = CategoryViewController.swift; sourceTree = "<group>"; };
		44E826AA250448B0001F5848 /* Listinn.app */ = {isa = PBXFileReference; explicitFileType = wrapper.application; includeInIndex = 0; path = Listinn.app; sourceTree = BUILT_PRODUCTS_DIR; };
		44E826AD250448B1001F5848 /* AppDelegate.swift */ = {isa = PBXFileReference; lastKnownFileType = sourcecode.swift; path = AppDelegate.swift; sourceTree = "<group>"; };
		44E826AF250448B1001F5848 /* SceneDelegate.swift */ = {isa = PBXFileReference; lastKnownFileType = sourcecode.swift; path = SceneDelegate.swift; sourceTree = "<group>"; };
		44E826B1250448B1001F5848 /* ToDoListViewController.swift */ = {isa = PBXFileReference; lastKnownFileType = sourcecode.swift; path = ToDoListViewController.swift; sourceTree = "<group>"; };
		44E826B6250448B6001F5848 /* Assets.xcassets */ = {isa = PBXFileReference; lastKnownFileType = folder.assetcatalog; path = Assets.xcassets; sourceTree = "<group>"; };
		44E826B9250448B6001F5848 /* Base */ = {isa = PBXFileReference; lastKnownFileType = file.storyboard; name = Base; path = Base.lproj/LaunchScreen.storyboard; sourceTree = "<group>"; };
		44E826BB250448B6001F5848 /* Info.plist */ = {isa = PBXFileReference; lastKnownFileType = text.plist.xml; path = Info.plist; sourceTree = "<group>"; };
		44E826C0250448B6001F5848 /* ListinnTests.xctest */ = {isa = PBXFileReference; explicitFileType = wrapper.cfbundle; includeInIndex = 0; path = ListinnTests.xctest; sourceTree = BUILT_PRODUCTS_DIR; };
		44E826C4250448B6001F5848 /* ListinnTests.swift */ = {isa = PBXFileReference; lastKnownFileType = sourcecode.swift; path = ListinnTests.swift; sourceTree = "<group>"; };
		44E826C6250448B6001F5848 /* Info.plist */ = {isa = PBXFileReference; lastKnownFileType = text.plist.xml; path = Info.plist; sourceTree = "<group>"; };
		44E826CB250448B6001F5848 /* ListinnUITests.xctest */ = {isa = PBXFileReference; explicitFileType = wrapper.cfbundle; includeInIndex = 0; path = ListinnUITests.xctest; sourceTree = BUILT_PRODUCTS_DIR; };
		44E826CF250448B6001F5848 /* ListinnUITests.swift */ = {isa = PBXFileReference; lastKnownFileType = sourcecode.swift; path = ListinnUITests.swift; sourceTree = "<group>"; };
		44E826D1250448B6001F5848 /* Info.plist */ = {isa = PBXFileReference; lastKnownFileType = text.plist.xml; path = Info.plist; sourceTree = "<group>"; };
		46799D867C291306C3695DDA /* Pods-ListinnTests.debug.xcconfig */ = {isa = PBXFileReference; includeInIndex = 1; lastKnownFileType = text.xcconfig; name = "Pods-ListinnTests.debug.xcconfig"; path = "Target Support Files/Pods-ListinnTests/Pods-ListinnTests.debug.xcconfig"; sourceTree = "<group>"; };
		5DF202814C4334390057EA6B /* Pods_Listinn_ListinnUITests.framework */ = {isa = PBXFileReference; explicitFileType = wrapper.framework; includeInIndex = 0; path = Pods_Listinn_ListinnUITests.framework; sourceTree = BUILT_PRODUCTS_DIR; };
		83E177D84D95C92DBDB5FDB2 /* Pods-Listinn-ListinnUITests.release.xcconfig */ = {isa = PBXFileReference; includeInIndex = 1; lastKnownFileType = text.xcconfig; name = "Pods-Listinn-ListinnUITests.release.xcconfig"; path = "Target Support Files/Pods-Listinn-ListinnUITests/Pods-Listinn-ListinnUITests.release.xcconfig"; sourceTree = "<group>"; };
		AC09ED80432A150F9C42ABC8 /* Pods_Listinn.framework */ = {isa = PBXFileReference; explicitFileType = wrapper.framework; includeInIndex = 0; path = Pods_Listinn.framework; sourceTree = BUILT_PRODUCTS_DIR; };
		ACC57588EC593A520ED2297F /* Pods-Listinn.release.xcconfig */ = {isa = PBXFileReference; includeInIndex = 1; lastKnownFileType = text.xcconfig; name = "Pods-Listinn.release.xcconfig"; path = "Target Support Files/Pods-Listinn/Pods-Listinn.release.xcconfig"; sourceTree = "<group>"; };
/* End PBXFileReference section */

/* Begin PBXFrameworksBuildPhase section */
		44E826A7250448B0001F5848 /* Frameworks */ = {
			isa = PBXFrameworksBuildPhase;
			buildActionMask = 2147483647;
			files = (
				E7C2A69BB0A66C8658EBB5DC /* Pods_Listinn.framework in Frameworks */,
			);
			runOnlyForDeploymentPostprocessing = 0;
		};
		44E826BD250448B6001F5848 /* Frameworks */ = {
			isa = PBXFrameworksBuildPhase;
			buildActionMask = 2147483647;
			files = (
				29DB752539C8DEE11F3E8CA2 /* Pods_ListinnTests.framework in Frameworks */,
			);
			runOnlyForDeploymentPostprocessing = 0;
		};
		44E826C8250448B6001F5848 /* Frameworks */ = {
			isa = PBXFrameworksBuildPhase;
			buildActionMask = 2147483647;
			files = (
				3083622A797F5A83F59393AB /* Pods_Listinn_ListinnUITests.framework in Frameworks */,
			);
			runOnlyForDeploymentPostprocessing = 0;
		};
/* End PBXFrameworksBuildPhase section */

/* Begin PBXGroup section */
		444AC18625053146009C3A90 /* Data Models */ = {
			isa = PBXGroup;
			children = (
				447C1B8E2517699900A2E1D1 /* Category.swift */,
				447C1B8C2517698E00A2E1D1 /* Item.swift */,
			);
			path = "Data Models";
			sourceTree = "<group>";
		};
		444AC1872505314E009C3A90 /* Views */ = {
			isa = PBXGroup;
			children = (
				447C1B922517B23700A2E1D1 /* Main.storyboard */,
			);
			path = Views;
			sourceTree = "<group>";
		};
		444AC18825053168009C3A90 /* Controllers */ = {
			isa = PBXGroup;
			children = (
				447D122F2516498A0006CBAF /* CategoryViewController.swift */,
				44E826B1250448B1001F5848 /* ToDoListViewController.swift */,
			);
			path = Controllers;
			sourceTree = "<group>";
		};
		444AC18925053187009C3A90 /* Fonts */ = {
			isa = PBXGroup;
			children = (
				444AC18A250531A1009C3A90 /* SanFranciscoDisplay-Bold.otf */,
				444AC18B250531A1009C3A90 /* SanFranciscoDisplay-Light.otf */,
				444AC18D250531A1009C3A90 /* SanFranciscoDisplay-Medium.otf */,
				444AC18C250531A1009C3A90 /* SanFranciscoDisplay-Regular.otf */,
				444AC18E250531A1009C3A90 /* SanFranciscoDisplay-Semibold.otf */,
			);
			path = Fonts;
			sourceTree = "<group>";
		};
		444AC196250536CA009C3A90 /* Supporting Files */ = {
			isa = PBXGroup;
			children = (
			);
			path = "Supporting Files";
			sourceTree = "<group>";
		};
		44E826A1250448B0001F5848 = {
			isa = PBXGroup;
			children = (
				44E826AC250448B0001F5848 /* Listinn */,
				44E826C3250448B6001F5848 /* ListinnTests */,
				44E826CE250448B6001F5848 /* ListinnUITests */,
				44E826AB250448B0001F5848 /* Products */,
				4D961811E8D92A90F6E030D6 /* Pods */,
				6ABADE65BE7A29F840BCFC4B /* Frameworks */,
			);
			sourceTree = "<group>";
		};
		44E826AB250448B0001F5848 /* Products */ = {
			isa = PBXGroup;
			children = (
				44E826AA250448B0001F5848 /* Listinn.app */,
				44E826C0250448B6001F5848 /* ListinnTests.xctest */,
				44E826CB250448B6001F5848 /* ListinnUITests.xctest */,
			);
			name = Products;
			sourceTree = "<group>";
		};
		44E826AC250448B0001F5848 /* Listinn */ = {
			isa = PBXGroup;
			children = (
				44E826AD250448B1001F5848 /* AppDelegate.swift */,
				44E826AF250448B1001F5848 /* SceneDelegate.swift */,
				444AC18625053146009C3A90 /* Data Models */,
				444AC1872505314E009C3A90 /* Views */,
				444AC18825053168009C3A90 /* Controllers */,
				444AC196250536CA009C3A90 /* Supporting Files */,
				444AC18925053187009C3A90 /* Fonts */,
				44E826B6250448B6001F5848 /* Assets.xcassets */,
				44E826B8250448B6001F5848 /* LaunchScreen.storyboard */,
				44E826BB250448B6001F5848 /* Info.plist */,
			);
			path = Listinn;
			sourceTree = "<group>";
		};
		44E826C3250448B6001F5848 /* ListinnTests */ = {
			isa = PBXGroup;
			children = (
				44E826C4250448B6001F5848 /* ListinnTests.swift */,
				44E826C6250448B6001F5848 /* Info.plist */,
			);
			path = ListinnTests;
			sourceTree = "<group>";
		};
		44E826CE250448B6001F5848 /* ListinnUITests */ = {
			isa = PBXGroup;
			children = (
				44E826CF250448B6001F5848 /* ListinnUITests.swift */,
				44E826D1250448B6001F5848 /* Info.plist */,
			);
			path = ListinnUITests;
			sourceTree = "<group>";
		};
		4D961811E8D92A90F6E030D6 /* Pods */ = {
			isa = PBXGroup;
			children = (
				110A44145DB30C544CA7DD3E /* Pods-Listinn.debug.xcconfig */,
				ACC57588EC593A520ED2297F /* Pods-Listinn.release.xcconfig */,
				09A8769CF0708399C3EEDA52 /* Pods-Listinn-ListinnUITests.debug.xcconfig */,
				83E177D84D95C92DBDB5FDB2 /* Pods-Listinn-ListinnUITests.release.xcconfig */,
				46799D867C291306C3695DDA /* Pods-ListinnTests.debug.xcconfig */,
				2D609CEA2C1D2059B9BBB45F /* Pods-ListinnTests.release.xcconfig */,
			);
			path = Pods;
			sourceTree = "<group>";
		};
		6ABADE65BE7A29F840BCFC4B /* Frameworks */ = {
			isa = PBXGroup;
			children = (
				AC09ED80432A150F9C42ABC8 /* Pods_Listinn.framework */,
				5DF202814C4334390057EA6B /* Pods_Listinn_ListinnUITests.framework */,
				0834B70D90AD3EA132AAF23F /* Pods_ListinnTests.framework */,
			);
			name = Frameworks;
			sourceTree = "<group>";
		};
/* End PBXGroup section */

/* Begin PBXNativeTarget section */
		44E826A9250448B0001F5848 /* Listinn */ = {
			isa = PBXNativeTarget;
			buildConfigurationList = 44E826D4250448B6001F5848 /* Build configuration list for PBXNativeTarget "Listinn" */;
			buildPhases = (
				D74D9099562B1A0AEDB3B135 /* [CP] Check Pods Manifest.lock */,
				44E826A6250448B0001F5848 /* Sources */,
				44E826A7250448B0001F5848 /* Frameworks */,
				44E826A8250448B0001F5848 /* Resources */,
				7C1E452C3C68F74434F5115E /* [CP] Embed Pods Frameworks */,
			);
			buildRules = (
			);
			dependencies = (
			);
			name = Listinn;
			productName = Listinn;
			productReference = 44E826AA250448B0001F5848 /* Listinn.app */;
			productType = "com.apple.product-type.application";
		};
		44E826BF250448B6001F5848 /* ListinnTests */ = {
			isa = PBXNativeTarget;
			buildConfigurationList = 44E826D7250448B6001F5848 /* Build configuration list for PBXNativeTarget "ListinnTests" */;
			buildPhases = (
				E9A1BE6A3ACC9499FDC777F4 /* [CP] Check Pods Manifest.lock */,
				44E826BC250448B6001F5848 /* Sources */,
				44E826BD250448B6001F5848 /* Frameworks */,
				44E826BE250448B6001F5848 /* Resources */,
			);
			buildRules = (
			);
			dependencies = (
				44E826C2250448B6001F5848 /* PBXTargetDependency */,
			);
			name = ListinnTests;
			productName = ListinnTests;
			productReference = 44E826C0250448B6001F5848 /* ListinnTests.xctest */;
			productType = "com.apple.product-type.bundle.unit-test";
		};
		44E826CA250448B6001F5848 /* ListinnUITests */ = {
			isa = PBXNativeTarget;
			buildConfigurationList = 44E826DA250448B6001F5848 /* Build configuration list for PBXNativeTarget "ListinnUITests" */;
			buildPhases = (
				8645DF92F726B07C0C5A2028 /* [CP] Check Pods Manifest.lock */,
				44E826C7250448B6001F5848 /* Sources */,
				44E826C8250448B6001F5848 /* Frameworks */,
				44E826C9250448B6001F5848 /* Resources */,
				B0FCC1B2345045D009F41242 /* [CP] Embed Pods Frameworks */,
			);
			buildRules = (
			);
			dependencies = (
				44E826CD250448B6001F5848 /* PBXTargetDependency */,
			);
			name = ListinnUITests;
			productName = ListinnUITests;
			productReference = 44E826CB250448B6001F5848 /* ListinnUITests.xctest */;
			productType = "com.apple.product-type.bundle.ui-testing";
		};
/* End PBXNativeTarget section */

/* Begin PBXProject section */
		44E826A2250448B0001F5848 /* Project object */ = {
			isa = PBXProject;
			attributes = {
				LastSwiftUpdateCheck = 1170;
				LastUpgradeCheck = 1170;
				ORGANIZATIONNAME = "Yuşa Sarısoy";
				TargetAttributes = {
					44E826A9250448B0001F5848 = {
						CreatedOnToolsVersion = 11.7;
					};
					44E826BF250448B6001F5848 = {
						CreatedOnToolsVersion = 11.7;
						TestTargetID = 44E826A9250448B0001F5848;
					};
					44E826CA250448B6001F5848 = {
						CreatedOnToolsVersion = 11.7;
						TestTargetID = 44E826A9250448B0001F5848;
					};
				};
			};
			buildConfigurationList = 44E826A5250448B0001F5848 /* Build configuration list for PBXProject "Listinn" */;
			compatibilityVersion = "Xcode 9.3";
			developmentRegion = en;
			hasScannedForEncodings = 0;
			knownRegions = (
				en,
				Base,
			);
			mainGroup = 44E826A1250448B0001F5848;
			productRefGroup = 44E826AB250448B0001F5848 /* Products */;
			projectDirPath = "";
			projectRoot = "";
			targets = (
				44E826A9250448B0001F5848 /* Listinn */,
				44E826BF250448B6001F5848 /* ListinnTests */,
				44E826CA250448B6001F5848 /* ListinnUITests */,
			);
		};
/* End PBXProject section */

/* Begin PBXResourcesBuildPhase section */
		44E826A8250448B0001F5848 /* Resources */ = {
			isa = PBXResourcesBuildPhase;
			buildActionMask = 2147483647;
			files = (
				44E826BA250448B6001F5848 /* LaunchScreen.storyboard in Resources */,
				444AC18F250531A1009C3A90 /* SanFranciscoDisplay-Bold.otf in Resources */,
				444AC192250531A1009C3A90 /* SanFranciscoDisplay-Medium.otf in Resources */,
				447C1B932517B23700A2E1D1 /* Main.storyboard in Resources */,
				444AC190250531A1009C3A90 /* SanFranciscoDisplay-Light.otf in Resources */,
				444AC191250531A1009C3A90 /* SanFranciscoDisplay-Regular.otf in Resources */,
				44E826B7250448B6001F5848 /* Assets.xcassets in Resources */,
				444AC193250531A1009C3A90 /* SanFranciscoDisplay-Semibold.otf in Resources */,
			);
			runOnlyForDeploymentPostprocessing = 0;
		};
		44E826BE250448B6001F5848 /* Resources */ = {
			isa = PBXResourcesBuildPhase;
			buildActionMask = 2147483647;
			files = (
			);
			runOnlyForDeploymentPostprocessing = 0;
		};
		44E826C9250448B6001F5848 /* Resources */ = {
			isa = PBXResourcesBuildPhase;
			buildActionMask = 2147483647;
			files = (
			);
			runOnlyForDeploymentPostprocessing = 0;
		};
/* End PBXResourcesBuildPhase section */

/* Begin PBXShellScriptBuildPhase section */
		7C1E452C3C68F74434F5115E /* [CP] Embed Pods Frameworks */ = {
			isa = PBXShellScriptBuildPhase;
			buildActionMask = 2147483647;
			files = (
			);
			inputFileListPaths = (
				"${PODS_ROOT}/Target Support Files/Pods-Listinn/Pods-Listinn-frameworks-${CONFIGURATION}-input-files.xcfilelist",
			);
			name = "[CP] Embed Pods Frameworks";
			outputFileListPaths = (
				"${PODS_ROOT}/Target Support Files/Pods-Listinn/Pods-Listinn-frameworks-${CONFIGURATION}-output-files.xcfilelist",
			);
			runOnlyForDeploymentPostprocessing = 0;
			shellPath = /bin/sh;
			shellScript = "\"${PODS_ROOT}/Target Support Files/Pods-Listinn/Pods-Listinn-frameworks.sh\"\n";
			showEnvVarsInLog = 0;
		};
		8645DF92F726B07C0C5A2028 /* [CP] Check Pods Manifest.lock */ = {
			isa = PBXShellScriptBuildPhase;
			buildActionMask = 2147483647;
			files = (
			);
			inputFileListPaths = (
			);
			inputPaths = (
				"${PODS_PODFILE_DIR_PATH}/Podfile.lock",
				"${PODS_ROOT}/Manifest.lock",
			);
			name = "[CP] Check Pods Manifest.lock";
			outputFileListPaths = (
			);
			outputPaths = (
				"$(DERIVED_FILE_DIR)/Pods-Listinn-ListinnUITests-checkManifestLockResult.txt",
			);
			runOnlyForDeploymentPostprocessing = 0;
			shellPath = /bin/sh;
			shellScript = "diff \"${PODS_PODFILE_DIR_PATH}/Podfile.lock\" \"${PODS_ROOT}/Manifest.lock\" > /dev/null\nif [ $? != 0 ] ; then\n    # print error to STDERR\n    echo \"error: The sandbox is not in sync with the Podfile.lock. Run 'pod install' or update your CocoaPods installation.\" >&2\n    exit 1\nfi\n# This output is used by Xcode 'outputs' to avoid re-running this script phase.\necho \"SUCCESS\" > \"${SCRIPT_OUTPUT_FILE_0}\"\n";
			showEnvVarsInLog = 0;
		};
		B0FCC1B2345045D009F41242 /* [CP] Embed Pods Frameworks */ = {
			isa = PBXShellScriptBuildPhase;
			buildActionMask = 2147483647;
			files = (
			);
			inputFileListPaths = (
				"${PODS_ROOT}/Target Support Files/Pods-Listinn-ListinnUITests/Pods-Listinn-ListinnUITests-frameworks-${CONFIGURATION}-input-files.xcfilelist",
			);
			name = "[CP] Embed Pods Frameworks";
			outputFileListPaths = (
				"${PODS_ROOT}/Target Support Files/Pods-Listinn-ListinnUITests/Pods-Listinn-ListinnUITests-frameworks-${CONFIGURATION}-output-files.xcfilelist",
			);
			runOnlyForDeploymentPostprocessing = 0;
			shellPath = /bin/sh;
			shellScript = "\"${PODS_ROOT}/Target Support Files/Pods-Listinn-ListinnUITests/Pods-Listinn-ListinnUITests-frameworks.sh\"\n";
			showEnvVarsInLog = 0;
		};
		D74D9099562B1A0AEDB3B135 /* [CP] Check Pods Manifest.lock */ = {
			isa = PBXShellScriptBuildPhase;
			buildActionMask = 2147483647;
			files = (
			);
			inputFileListPaths = (
			);
			inputPaths = (
				"${PODS_PODFILE_DIR_PATH}/Podfile.lock",
				"${PODS_ROOT}/Manifest.lock",
			);
			name = "[CP] Check Pods Manifest.lock";
			outputFileListPaths = (
			);
			outputPaths = (
				"$(DERIVED_FILE_DIR)/Pods-Listinn-checkManifestLockResult.txt",
			);
			runOnlyForDeploymentPostprocessing = 0;
			shellPath = /bin/sh;
			shellScript = "diff \"${PODS_PODFILE_DIR_PATH}/Podfile.lock\" \"${PODS_ROOT}/Manifest.lock\" > /dev/null\nif [ $? != 0 ] ; then\n    # print error to STDERR\n    echo \"error: The sandbox is not in sync with the Podfile.lock. Run 'pod install' or update your CocoaPods installation.\" >&2\n    exit 1\nfi\n# This output is used by Xcode 'outputs' to avoid re-running this script phase.\necho \"SUCCESS\" > \"${SCRIPT_OUTPUT_FILE_0}\"\n";
			showEnvVarsInLog = 0;
		};
		E9A1BE6A3ACC9499FDC777F4 /* [CP] Check Pods Manifest.lock */ = {
			isa = PBXShellScriptBuildPhase;
			buildActionMask = 2147483647;
			files = (
			);
			inputFileListPaths = (
			);
			inputPaths = (
				"${PODS_PODFILE_DIR_PATH}/Podfile.lock",
				"${PODS_ROOT}/Manifest.lock",
			);
			name = "[CP] Check Pods Manifest.lock";
			outputFileListPaths = (
			);
			outputPaths = (
				"$(DERIVED_FILE_DIR)/Pods-ListinnTests-checkManifestLockResult.txt",
			);
			runOnlyForDeploymentPostprocessing = 0;
			shellPath = /bin/sh;
			shellScript = "diff \"${PODS_PODFILE_DIR_PATH}/Podfile.lock\" \"${PODS_ROOT}/Manifest.lock\" > /dev/null\nif [ $? != 0 ] ; then\n    # print error to STDERR\n    echo \"error: The sandbox is not in sync with the Podfile.lock. Run 'pod install' or update your CocoaPods installation.\" >&2\n    exit 1\nfi\n# This output is used by Xcode 'outputs' to avoid re-running this script phase.\necho \"SUCCESS\" > \"${SCRIPT_OUTPUT_FILE_0}\"\n";
			showEnvVarsInLog = 0;
		};
/* End PBXShellScriptBuildPhase section */

/* Begin PBXSourcesBuildPhase section */
		44E826A6250448B0001F5848 /* Sources */ = {
			isa = PBXSourcesBuildPhase;
			buildActionMask = 2147483647;
			files = (
				447D12302516498A0006CBAF /* CategoryViewController.swift in Sources */,
				44E826B2250448B1001F5848 /* ToDoListViewController.swift in Sources */,
				44E826AE250448B1001F5848 /* AppDelegate.swift in Sources */,
				447C1B8D2517698E00A2E1D1 /* Item.swift in Sources */,
				44E826B0250448B1001F5848 /* SceneDelegate.swift in Sources */,
				447C1B8F2517699900A2E1D1 /* Category.swift in Sources */,
			);
			runOnlyForDeploymentPostprocessing = 0;
		};
		44E826BC250448B6001F5848 /* Sources */ = {
			isa = PBXSourcesBuildPhase;
			buildActionMask = 2147483647;
			files = (
				44E826C5250448B6001F5848 /* ListinnTests.swift in Sources */,
			);
			runOnlyForDeploymentPostprocessing = 0;
		};
		44E826C7250448B6001F5848 /* Sources */ = {
			isa = PBXSourcesBuildPhase;
			buildActionMask = 2147483647;
			files = (
				44E826D0250448B6001F5848 /* ListinnUITests.swift in Sources */,
			);
			runOnlyForDeploymentPostprocessing = 0;
		};
/* End PBXSourcesBuildPhase section */

/* Begin PBXTargetDependency section */
		44E826C2250448B6001F5848 /* PBXTargetDependency */ = {
			isa = PBXTargetDependency;
			target = 44E826A9250448B0001F5848 /* Listinn */;
			targetProxy = 44E826C1250448B6001F5848 /* PBXContainerItemProxy */;
		};
		44E826CD250448B6001F5848 /* PBXTargetDependency */ = {
			isa = PBXTargetDependency;
			target = 44E826A9250448B0001F5848 /* Listinn */;
			targetProxy = 44E826CC250448B6001F5848 /* PBXContainerItemProxy */;
		};
/* End PBXTargetDependency section */

/* Begin PBXVariantGroup section */
		44E826B8250448B6001F5848 /* LaunchScreen.storyboard */ = {
			isa = PBXVariantGroup;
			children = (
				44E826B9250448B6001F5848 /* Base */,
			);
			name = LaunchScreen.storyboard;
			sourceTree = "<group>";
		};
/* End PBXVariantGroup section */

/* Begin XCBuildConfiguration section */
		44E826D2250448B6001F5848 /* Debug */ = {
			isa = XCBuildConfiguration;
			buildSettings = {
				ALWAYS_SEARCH_USER_PATHS = NO;
				CLANG_ANALYZER_NONNULL = YES;
				CLANG_ANALYZER_NUMBER_OBJECT_CONVERSION = YES_AGGRESSIVE;
				CLANG_CXX_LANGUAGE_STANDARD = "gnu++14";
				CLANG_CXX_LIBRARY = "libc++";
				CLANG_ENABLE_MODULES = YES;
				CLANG_ENABLE_OBJC_ARC = YES;
				CLANG_ENABLE_OBJC_WEAK = YES;
				CLANG_WARN_BLOCK_CAPTURE_AUTORELEASING = YES;
				CLANG_WARN_BOOL_CONVERSION = YES;
				CLANG_WARN_COMMA = YES;
				CLANG_WARN_CONSTANT_CONVERSION = YES;
				CLANG_WARN_DEPRECATED_OBJC_IMPLEMENTATIONS = YES;
				CLANG_WARN_DIRECT_OBJC_ISA_USAGE = YES_ERROR;
				CLANG_WARN_DOCUMENTATION_COMMENTS = YES;
				CLANG_WARN_EMPTY_BODY = YES;
				CLANG_WARN_ENUM_CONVERSION = YES;
				CLANG_WARN_INFINITE_RECURSION = YES;
				CLANG_WARN_INT_CONVERSION = YES;
				CLANG_WARN_NON_LITERAL_NULL_CONVERSION = YES;
				CLANG_WARN_OBJC_IMPLICIT_RETAIN_SELF = YES;
				CLANG_WARN_OBJC_LITERAL_CONVERSION = YES;
				CLANG_WARN_OBJC_ROOT_CLASS = YES_ERROR;
				CLANG_WARN_RANGE_LOOP_ANALYSIS = YES;
				CLANG_WARN_STRICT_PROTOTYPES = YES;
				CLANG_WARN_SUSPICIOUS_MOVE = YES;
				CLANG_WARN_UNGUARDED_AVAILABILITY = YES_AGGRESSIVE;
				CLANG_WARN_UNREACHABLE_CODE = YES;
				CLANG_WARN__DUPLICATE_METHOD_MATCH = YES;
				COPY_PHASE_STRIP = NO;
				DEBUG_INFORMATION_FORMAT = dwarf;
				ENABLE_STRICT_OBJC_MSGSEND = YES;
				ENABLE_TESTABILITY = YES;
				GCC_C_LANGUAGE_STANDARD = gnu11;
				GCC_DYNAMIC_NO_PIC = NO;
				GCC_NO_COMMON_BLOCKS = YES;
				GCC_OPTIMIZATION_LEVEL = 0;
				GCC_PREPROCESSOR_DEFINITIONS = (
					"DEBUG=1",
					"$(inherited)",
				);
				GCC_WARN_64_TO_32_BIT_CONVERSION = YES;
				GCC_WARN_ABOUT_RETURN_TYPE = YES_ERROR;
				GCC_WARN_UNDECLARED_SELECTOR = YES;
				GCC_WARN_UNINITIALIZED_AUTOS = YES_AGGRESSIVE;
				GCC_WARN_UNUSED_FUNCTION = YES;
				GCC_WARN_UNUSED_VARIABLE = YES;
				IPHONEOS_DEPLOYMENT_TARGET = 13.7;
				MTL_ENABLE_DEBUG_INFO = INCLUDE_SOURCE;
				MTL_FAST_MATH = YES;
				ONLY_ACTIVE_ARCH = YES;
				SDKROOT = iphoneos;
				SWIFT_ACTIVE_COMPILATION_CONDITIONS = DEBUG;
				SWIFT_OPTIMIZATION_LEVEL = "-Onone";
			};
			name = Debug;
		};
		44E826D3250448B6001F5848 /* Release */ = {
			isa = XCBuildConfiguration;
			buildSettings = {
				ALWAYS_SEARCH_USER_PATHS = NO;
				CLANG_ANALYZER_NONNULL = YES;
				CLANG_ANALYZER_NUMBER_OBJECT_CONVERSION = YES_AGGRESSIVE;
				CLANG_CXX_LANGUAGE_STANDARD = "gnu++14";
				CLANG_CXX_LIBRARY = "libc++";
				CLANG_ENABLE_MODULES = YES;
				CLANG_ENABLE_OBJC_ARC = YES;
				CLANG_ENABLE_OBJC_WEAK = YES;
				CLANG_WARN_BLOCK_CAPTURE_AUTORELEASING = YES;
				CLANG_WARN_BOOL_CONVERSION = YES;
				CLANG_WARN_COMMA = YES;
				CLANG_WARN_CONSTANT_CONVERSION = YES;
				CLANG_WARN_DEPRECATED_OBJC_IMPLEMENTATIONS = YES;
				CLANG_WARN_DIRECT_OBJC_ISA_USAGE = YES_ERROR;
				CLANG_WARN_DOCUMENTATION_COMMENTS = YES;
				CLANG_WARN_EMPTY_BODY = YES;
				CLANG_WARN_ENUM_CONVERSION = YES;
				CLANG_WARN_INFINITE_RECURSION = YES;
				CLANG_WARN_INT_CONVERSION = YES;
				CLANG_WARN_NON_LITERAL_NULL_CONVERSION = YES;
				CLANG_WARN_OBJC_IMPLICIT_RETAIN_SELF = YES;
				CLANG_WARN_OBJC_LITERAL_CONVERSION = YES;
				CLANG_WARN_OBJC_ROOT_CLASS = YES_ERROR;
				CLANG_WARN_RANGE_LOOP_ANALYSIS = YES;
				CLANG_WARN_STRICT_PROTOTYPES = YES;
				CLANG_WARN_SUSPICIOUS_MOVE = YES;
				CLANG_WARN_UNGUARDED_AVAILABILITY = YES_AGGRESSIVE;
				CLANG_WARN_UNREACHABLE_CODE = YES;
				CLANG_WARN__DUPLICATE_METHOD_MATCH = YES;
				COPY_PHASE_STRIP = NO;
				DEBUG_INFORMATION_FORMAT = "dwarf-with-dsym";
				ENABLE_NS_ASSERTIONS = NO;
				ENABLE_STRICT_OBJC_MSGSEND = YES;
				GCC_C_LANGUAGE_STANDARD = gnu11;
				GCC_NO_COMMON_BLOCKS = YES;
				GCC_WARN_64_TO_32_BIT_CONVERSION = YES;
				GCC_WARN_ABOUT_RETURN_TYPE = YES_ERROR;
				GCC_WARN_UNDECLARED_SELECTOR = YES;
				GCC_WARN_UNINITIALIZED_AUTOS = YES_AGGRESSIVE;
				GCC_WARN_UNUSED_FUNCTION = YES;
				GCC_WARN_UNUSED_VARIABLE = YES;
				IPHONEOS_DEPLOYMENT_TARGET = 13.7;
				MTL_ENABLE_DEBUG_INFO = NO;
				MTL_FAST_MATH = YES;
				SDKROOT = iphoneos;
				SWIFT_COMPILATION_MODE = wholemodule;
				SWIFT_OPTIMIZATION_LEVEL = "-O";
				VALIDATE_PRODUCT = YES;
			};
			name = Release;
		};
		44E826D5250448B6001F5848 /* Debug */ = {
			isa = XCBuildConfiguration;
			baseConfigurationReference = 110A44145DB30C544CA7DD3E /* Pods-Listinn.debug.xcconfig */;
			buildSettings = {
				ASSETCATALOG_COMPILER_APPICON_NAME = AppIcon;
				CODE_SIGN_STYLE = Automatic;
				DEVELOPMENT_TEAM = 7GW83GWCK8;
				INFOPLIST_FILE = Listinn/Info.plist;
				LD_RUNPATH_SEARCH_PATHS = (
					"$(inherited)",
					"@executable_path/Frameworks",
				);
				PRODUCT_BUNDLE_IDENTIFIER = com.icloud.yusasarisoy.Listinn;
				PRODUCT_NAME = "$(TARGET_NAME)";
				SWIFT_VERSION = 5.0;
				TARGETED_DEVICE_FAMILY = "1,2";
			};
			name = Debug;
		};
		44E826D6250448B6001F5848 /* Release */ = {
			isa = XCBuildConfiguration;
			baseConfigurationReference = ACC57588EC593A520ED2297F /* Pods-Listinn.release.xcconfig */;
			buildSettings = {
				ASSETCATALOG_COMPILER_APPICON_NAME = AppIcon;
				CODE_SIGN_STYLE = Automatic;
				DEVELOPMENT_TEAM = 7GW83GWCK8;
				INFOPLIST_FILE = Listinn/Info.plist;
				LD_RUNPATH_SEARCH_PATHS = (
					"$(inherited)",
					"@executable_path/Frameworks",
				);
				PRODUCT_BUNDLE_IDENTIFIER = com.icloud.yusasarisoy.Listinn;
				PRODUCT_NAME = "$(TARGET_NAME)";
				SWIFT_VERSION = 5.0;
				TARGETED_DEVICE_FAMILY = "1,2";
			};
			name = Release;
		};
		44E826D8250448B6001F5848 /* Debug */ = {
			isa = XCBuildConfiguration;
			baseConfigurationReference = 46799D867C291306C3695DDA /* Pods-ListinnTests.debug.xcconfig */;
			buildSettings = {
				ALWAYS_EMBED_SWIFT_STANDARD_LIBRARIES = YES;
				BUNDLE_LOADER = "$(TEST_HOST)";
				CODE_SIGN_STYLE = Automatic;
				DEVELOPMENT_TEAM = 7GW83GWCK8;
				INFOPLIST_FILE = ListinnTests/Info.plist;
				IPHONEOS_DEPLOYMENT_TARGET = 13.7;
				LD_RUNPATH_SEARCH_PATHS = (
					"$(inherited)",
					"@executable_path/Frameworks",
					"@loader_path/Frameworks",
				);
				PRODUCT_BUNDLE_IDENTIFIER = com.icloud.yusasarisoy.ListinnTests;
				PRODUCT_NAME = "$(TARGET_NAME)";
				SWIFT_VERSION = 5.0;
				TARGETED_DEVICE_FAMILY = "1,2";
				TEST_HOST = "$(BUILT_PRODUCTS_DIR)/Listinn.app/Listinn";
			};
			name = Debug;
		};
		44E826D9250448B6001F5848 /* Release */ = {
			isa = XCBuildConfiguration;
			baseConfigurationReference = 2D609CEA2C1D2059B9BBB45F /* Pods-ListinnTests.release.xcconfig */;
			buildSettings = {
				ALWAYS_EMBED_SWIFT_STANDARD_LIBRARIES = YES;
				BUNDLE_LOADER = "$(TEST_HOST)";
				CODE_SIGN_STYLE = Automatic;
				DEVELOPMENT_TEAM = 7GW83GWCK8;
				INFOPLIST_FILE = ListinnTests/Info.plist;
				IPHONEOS_DEPLOYMENT_TARGET = 13.7;
				LD_RUNPATH_SEARCH_PATHS = (
					"$(inherited)",
					"@executable_path/Frameworks",
					"@loader_path/Frameworks",
				);
				PRODUCT_BUNDLE_IDENTIFIER = com.icloud.yusasarisoy.ListinnTests;
				PRODUCT_NAME = "$(TARGET_NAME)";
				SWIFT_VERSION = 5.0;
				TARGETED_DEVICE_FAMILY = "1,2";
				TEST_HOST = "$(BUILT_PRODUCTS_DIR)/Listinn.app/Listinn";
			};
			name = Release;
		};
		44E826DB250448B6001F5848 /* Debug */ = {
			isa = XCBuildConfiguration;
			baseConfigurationReference = 09A8769CF0708399C3EEDA52 /* Pods-Listinn-ListinnUITests.debug.xcconfig */;
			buildSettings = {
				ALWAYS_EMBED_SWIFT_STANDARD_LIBRARIES = YES;
				CODE_SIGN_STYLE = Automatic;
				DEVELOPMENT_TEAM = 7GW83GWCK8;
				INFOPLIST_FILE = ListinnUITests/Info.plist;
				LD_RUNPATH_SEARCH_PATHS = (
					"$(inherited)",
					"@executable_path/Frameworks",
					"@loader_path/Frameworks",
				);
				PRODUCT_BUNDLE_IDENTIFIER = com.icloud.yusasarisoy.ListinnUITests;
				PRODUCT_NAME = "$(TARGET_NAME)";
				SWIFT_VERSION = 5.0;
				TARGETED_DEVICE_FAMILY = "1,2";
				TEST_TARGET_NAME = Listinn;
			};
			name = Debug;
		};
		44E826DC250448B6001F5848 /* Release */ = {
			isa = XCBuildConfiguration;
			baseConfigurationReference = 83E177D84D95C92DBDB5FDB2 /* Pods-Listinn-ListinnUITests.release.xcconfig */;
			buildSettings = {
				ALWAYS_EMBED_SWIFT_STANDARD_LIBRARIES = YES;
				CODE_SIGN_STYLE = Automatic;
				DEVELOPMENT_TEAM = 7GW83GWCK8;
				INFOPLIST_FILE = ListinnUITests/Info.plist;
				LD_RUNPATH_SEARCH_PATHS = (
					"$(inherited)",
					"@executable_path/Frameworks",
					"@loader_path/Frameworks",
				);
				PRODUCT_BUNDLE_IDENTIFIER = com.icloud.yusasarisoy.ListinnUITests;
				PRODUCT_NAME = "$(TARGET_NAME)";
				SWIFT_VERSION = 5.0;
				TARGETED_DEVICE_FAMILY = "1,2";
				TEST_TARGET_NAME = Listinn;
			};
			name = Release;
		};
/* End XCBuildConfiguration section */

/* Begin XCConfigurationList section */
		44E826A5250448B0001F5848 /* Build configuration list for PBXProject "Listinn" */ = {
			isa = XCConfigurationList;
			buildConfigurations = (
				44E826D2250448B6001F5848 /* Debug */,
				44E826D3250448B6001F5848 /* Release */,
			);
			defaultConfigurationIsVisible = 0;
			defaultConfigurationName = Release;
		};
		44E826D4250448B6001F5848 /* Build configuration list for PBXNativeTarget "Listinn" */ = {
			isa = XCConfigurationList;
			buildConfigurations = (
				44E826D5250448B6001F5848 /* Debug */,
				44E826D6250448B6001F5848 /* Release */,
			);
			defaultConfigurationIsVisible = 0;
			defaultConfigurationName = Release;
		};
		44E826D7250448B6001F5848 /* Build configuration list for PBXNativeTarget "ListinnTests" */ = {
			isa = XCConfigurationList;
			buildConfigurations = (
				44E826D8250448B6001F5848 /* Debug */,
				44E826D9250448B6001F5848 /* Release */,
			);
			defaultConfigurationIsVisible = 0;
			defaultConfigurationName = Release;
		};
		44E826DA250448B6001F5848 /* Build configuration list for PBXNativeTarget "ListinnUITests" */ = {
			isa = XCConfigurationList;
			buildConfigurations = (
				44E826DB250448B6001F5848 /* Debug */,
				44E826DC250448B6001F5848 /* Release */,
			);
			defaultConfigurationIsVisible = 0;
			defaultConfigurationName = Release;
		};
/* End XCConfigurationList section */
	};
	rootObject = 44E826A2250448B0001F5848 /* Project object */;
}
